
Microsoft Visual Studio Solution File, Format Version 12.00
# Visual Studio Version 17
VisualStudioVersion = 17.0.31903.59
MinimumVisualStudioVersion = 10.0.40219.1
Project("{2150E333-8FDC-42A3-9474-1A3956D46DE8}") = "src", "src", "{E8252B92-9EF8-4157-B809-F707463F53DE}"
EndProject
Project("{FAE04EC0-301F-11D3-BF4B-00C04F79EFBC}") = "WebAPI", "src\WebAPI\WebAPI.csproj", "{37288474-C1BC-4407-A510-FC981E5C46D2}"
EndProject
Project("{FAE04EC0-301F-11D3-BF4B-00C04F79EFBC}") = "Application", "src\Application\Application.csproj", "{FA3C48F9-8F69-43B8-8FE6-040A3A5F8BBB}"
EndProject
Project("{FAE04EC0-301F-11D3-BF4B-00C04F79EFBC}") = "Domain", "src\Domain\Domain.csproj", "{ECCF5C35-9320-4393-82E0-D3A1EA7F560D}"
EndProject
Project("{FAE04EC0-301F-11D3-BF4B-00C04F79EFBC}") = "Infrastructure", "src\Infrastructure\Infrastructure.csproj", "{3FBBAE82-79FD-48BC-B323-D9996A69FA4F}"
EndProject
Project("{2150E333-8FDC-42A3-9474-1A3956D46DE8}") = "Presentation", "Presentation", "{447A023D-AAC9-4AF0-AB5E-33D14016B03C}"
EndProject
Project("{FAE04EC0-301F-11D3-BF4B-00C04F79EFBC}") = "Web", "src\Presentation\Web\Web.csproj", "{CD10325F-0E4A-4DA6-B163-5A7A98488044}"
EndProject
Project("{FAE04EC0-301F-11D3-BF4B-00C04F79EFBC}") = "GloryAdmin", "src\Presentation\GloryAdmin\GloryAdmin.csproj", "{1F38ADA5-84D2-4E3F-B403-F9A6B79F08ED}"
EndProject
Global
	GlobalSection(SolutionConfigurationPlatforms) = preSolution
		Debug|Any CPU = Debug|Any CPU
		Release|Any CPU = Release|Any CPU
	EndGlobalSection
	GlobalSection(SolutionProperties) = preSolution
		HideSolutionNode = FALSE
	EndGlobalSection
	GlobalSection(ProjectConfigurationPlatforms) = postSolution
		{37288474-C1BC-4407-A510-FC981E5C46D2}.Debug|Any CPU.ActiveCfg = Debug|Any CPU
		{37288474-C1BC-4407-A510-FC981E5C46D2}.Debug|Any CPU.Build.0 = Debug|Any CPU
		{37288474-C1BC-4407-A510-FC981E5C46D2}.Release|Any CPU.ActiveCfg = Release|Any CPU
		{37288474-C1BC-4407-A510-FC981E5C46D2}.Release|Any CPU.Build.0 = Release|Any CPU
		{FA3C48F9-8F69-43B8-8FE6-040A3A5F8BBB}.Debug|Any CPU.ActiveCfg = Debug|Any CPU
		{FA3C48F9-8F69-43B8-8FE6-040A3A5F8BBB}.Debug|Any CPU.Build.0 = Debug|Any CPU
		{FA3C48F9-8F69-43B8-8FE6-040A3A5F8BBB}.Release|Any CPU.ActiveCfg = Release|Any CPU
		{FA3C48F9-8F69-43B8-8FE6-040A3A5F8BBB}.Release|Any CPU.Build.0 = Release|Any CPU
		{ECCF5C35-9320-4393-82E0-D3A1EA7F560D}.Debug|Any CPU.ActiveCfg = Debug|Any CPU
		{ECCF5C35-9320-4393-82E0-D3A1EA7F560D}.Debug|Any CPU.Build.0 = Debug|Any CPU
		{ECCF5C35-9320-4393-82E0-D3A1EA7F560D}.Release|Any CPU.ActiveCfg = Release|Any CPU
		{ECCF5C35-9320-4393-82E0-D3A1EA7F560D}.Release|Any CPU.Build.0 = Release|Any CPU
		{3FBBAE82-79FD-48BC-B323-D9996A69FA4F}.Debug|Any CPU.ActiveCfg = Debug|Any CPU
		{3FBBAE82-79FD-48BC-B323-D9996A69FA4F}.Debug|Any CPU.Build.0 = Debug|Any CPU
		{3FBBAE82-79FD-48BC-B323-D9996A69FA4F}.Release|Any CPU.ActiveCfg = Release|Any CPU
		{3FBBAE82-79FD-48BC-B323-D9996A69FA4F}.Release|Any CPU.Build.0 = Release|Any CPU
		{CD10325F-0E4A-4DA6-B163-5A7A98488044}.Debug|Any CPU.ActiveCfg = Debug|Any CPU
		{CD10325F-0E4A-4DA6-B163-5A7A98488044}.Debug|Any CPU.Build.0 = Debug|Any CPU
		{CD10325F-0E4A-4DA6-B163-5A7A98488044}.Release|Any CPU.ActiveCfg = Release|Any CPU
		{CD10325F-0E4A-4DA6-B163-5A7A98488044}.Release|Any CPU.Build.0 = Release|Any CPU
		{1F38ADA5-84D2-4E3F-B403-F9A6B79F08ED}.Debug|Any CPU.ActiveCfg = Debug|Any CPU
		{1F38ADA5-84D2-4E3F-B403-F9A6B79F08ED}.Debug|Any CPU.Build.0 = Debug|Any CPU
		{1F38ADA5-84D2-4E3F-B403-F9A6B79F08ED}.Release|Any CPU.ActiveCfg = Release|Any CPU
		{1F38ADA5-84D2-4E3F-B403-F9A6B79F08ED}.Release|Any CPU.Build.0 = Release|Any CPU
	EndGlobalSection
	GlobalSection(NestedProjects) = preSolution
		{37288474-C1BC-4407-A510-FC981E5C46D2} = {E8252B92-9EF8-4157-B809-F707463F53DE}
		{FA3C48F9-8F69-43B8-8FE6-040A3A5F8BBB} = {E8252B92-9EF8-4157-B809-F707463F53DE}
		{ECCF5C35-9320-4393-82E0-D3A1EA7F560D} = {E8252B92-9EF8-4157-B809-F707463F53DE}
		{3FBBAE82-79FD-48BC-B323-D9996A69FA4F} = {E8252B92-9EF8-4157-B809-F707463F53DE}
		{447A023D-AAC9-4AF0-AB5E-33D14016B03C} = {E8252B92-9EF8-4157-B809-F707463F53DE}
		{CD10325F-0E4A-4DA6-B163-5A7A98488044} = {447A023D-AAC9-4AF0-AB5E-33D14016B03C}
		{1F38ADA5-84D2-4E3F-B403-F9A6B79F08ED} = {447A023D-AAC9-4AF0-AB5E-33D14016B03C}
	EndGlobalSection
EndGlobal
